
Microsoft Visual Studio Solution File, Format Version 12.00
# Visual Studio Version 16
VisualStudioVersion = 16.0.29905.134
MinimumVisualStudioVersion = 10.0.40219.1
Project("{FAE04EC0-301F-11D3-BF4B-00C04F79EFBC}") = "OOPIntro", "OOPIntro\OOPIntro.csproj", "{D034F0FA-258E-4D5A-AD9D-B3531AB673DB}"
EndProject
Global
	GlobalSection(SolutionConfigurationPlatforms) = preSolution
		Debug|Any CPU = Debug|Any CPU
		Release|Any CPU = Release|Any CPU
	EndGlobalSection
	GlobalSection(ProjectConfigurationPlatforms) = postSolution
		{D034F0FA-258E-4D5A-AD9D-B3531AB673DB}.Debug|Any CPU.ActiveCfg = Debug|Any CPU
		{D034F0FA-258E-4D5A-AD9D-B3531AB673DB}.Debug|Any CPU.Build.0 = Debug|Any CPU
		{D034F0FA-258E-4D5A-AD9D-B3531AB673DB}.Release|Any CPU.ActiveCfg = Release|Any CPU
		{D034F0FA-258E-4D5A-AD9D-B3531AB673DB}.Release|Any CPU.Build.0 = Release|Any CPU
	EndGlobalSection
	GlobalSection(SolutionProperties) = preSolution
		HideSolutionNode = FALSE
	EndGlobalSection
	GlobalSection(ExtensibilityGlobals) = postSolution
		SolutionGuid = {4D9A7D83-E320-47DB-83E4-8C6F823D920A}
	EndGlobalSection
EndGlobal
